
Microsoft Visual Studio Solution File, Format Version 12.00
# Visual Studio Version 17
VisualStudioVersion = 17.8.34330.188
MinimumVisualStudioVersion = 10.0.40219.1
Project("{FAE04EC0-301F-11D3-BF4B-00C04F79EFBC}") = "Statiq.Alerts", "Statiq.Alerts\Statiq.Alerts.csproj", "{6AD7112A-E5E3-4DFB-A604-542A06E373C9}"
EndProject
Project("{FAE04EC0-301F-11D3-BF4B-00C04F79EFBC}") = "Statiq.Alerts.Tests", "Statiq.Alerts.Tests\Statiq.Alerts.Tests.csproj", "{C7A5BDBA-8638-4A1C-9188-A01091A74B2C}"
EndProject
Global
	GlobalSection(SolutionConfigurationPlatforms) = preSolution
		Debug|Any CPU = Debug|Any CPU
		Release|Any CPU = Release|Any CPU
	EndGlobalSection
	GlobalSection(ProjectConfigurationPlatforms) = postSolution
		{6AD7112A-E5E3-4DFB-A604-542A06E373C9}.Debug|Any CPU.ActiveCfg = Debug|Any CPU
		{6AD7112A-E5E3-4DFB-A604-542A06E373C9}.Debug|Any CPU.Build.0 = Debug|Any CPU
		{6AD7112A-E5E3-4DFB-A604-542A06E373C9}.Release|Any CPU.ActiveCfg = Release|Any CPU
		{6AD7112A-E5E3-4DFB-A604-542A06E373C9}.Release|Any CPU.Build.0 = Release|Any CPU
		{C7A5BDBA-8638-4A1C-9188-A01091A74B2C}.Debug|Any CPU.ActiveCfg = Debug|Any CPU
		{C7A5BDBA-8638-4A1C-9188-A01091A74B2C}.Debug|Any CPU.Build.0 = Debug|Any CPU
		{C7A5BDBA-8638-4A1C-9188-A01091A74B2C}.Release|Any CPU.ActiveCfg = Release|Any CPU
		{C7A5BDBA-8638-4A1C-9188-A01091A74B2C}.Release|Any CPU.Build.0 = Release|Any CPU
	EndGlobalSection
	GlobalSection(SolutionProperties) = preSolution
		HideSolutionNode = FALSE
	EndGlobalSection
	GlobalSection(ExtensibilityGlobals) = postSolution
		SolutionGuid = {DB2D56A2-D3BC-4241-8152-D97A865BD077}
	EndGlobalSection
EndGlobal
